// !$*UTF8*$!
{
	archiveVersion = 1;
	classes = {
	};
	objectVersion = 46;
	objects = {
		1371023B69A25887CDF78C49 = {
			isa = PBXBuildFile;
			fileRef = 5202B19D3D543E314821D2B5;
		};
		2B45B4C35958883A36F75842 = {
			isa = PBXBuildFile;
			fileRef = B7186EE0D88437A59460EAD3;
		};
		CE0D59896E782B58864DB50F = {
			isa = PBXBuildFile;
			fileRef = 67FB50D321216799EFAC5487;
		};
		70E7327A68DF8BD5790DE24A = {
			isa = PBXBuildFile;
			fileRef = 90DF57482418976735582E89;
		};
		CD8D12F0603AB4D95F8F40FC = {
			isa = PBXBuildFile;
			fileRef = 7BEA78E3EC8EC081D8EAA89E;
		};
		1C4605982D95562B3324DF5A = {
			isa = PBXBuildFile;
			fileRef = 362602CF51BD284AFC865D7C;
		};
		950AE65D88C9B239C7167EA0 = {
			isa = PBXBuildFile;
			fileRef = A926723BE56C5283F840C190;
		};
		33DF184596979FFEB6AC3924 = {
			isa = PBXBuildFile;
			fileRef = 70AC9A57D5436D28ED406E88;
		};
		EAB9546F35601E51BD5BB493 = {
			isa = PBXBuildFile;
			fileRef = 21D5CEB3559B208D872CE7B1;
		};
		399DE1EEF921470A8AAC7133 = {
			isa = PBXBuildFile;
			fileRef = EDAACA9BFCC8EAD50431D179;
		};
		1B046FEF7554DFB83C418C8B = {
			isa = PBXBuildFile;
			fileRef = 636B86137A47E0721EB8BF6B;
		};
		8D39294BF8219E4DCE2AE875 = {
			isa = PBXBuildFile;
			fileRef = FBB3F944857FFF9D6F23D0B4;
		};
		E17A46CDDBD0E434117729CA = {
			isa = PBXBuildFile;
			fileRef = 2950F87BF788768AE66B35F4;
		};
		B7E7E32EF3AD66FE48A29D1D = {
			isa = PBXBuildFile;
			fileRef = 2A2EF02DD15FE20AA2AEADDB;
		};
		7F310206E6DA0E51C7DDDBA4 = {
			isa = PBXBuildFile;
			fileRef = 11E2D107DF4874FCD967A0F5;
		};
		2638A3E9BCC511EB83051294 = {
			isa = PBXBuildFile;
			fileRef = B82A62C63E32C9A3A08B3D7C;
		};
		880A48386B1FCB28A634AC5B = {
			isa = PBXBuildFile;
			fileRef = D71172D9A5985DE5B047A436;
		};
		8C48D0A8BB66A0681961E4E4 = {
			isa = PBXBuildFile;
			fileRef = 11730983E1557481A5BE5E2A;
		};
		D3AC76DD425475645FDDEE53 = {
			isa = PBXBuildFile;
			fileRef = 903926F2FE7FB3CE2A360CA3;
		};
		A9C9D1CF919A88A1F9A5C0BF = {
			isa = PBXBuildFile;
			fileRef = D77AAF5D5F8488C8E1635327;
		};
		3904F50650B24EA702060370 = {
			isa = PBXBuildFile;
			fileRef = 33FE36C65634436C80FA4269;
		};
		5FA2BC360570E4E672445424 = {
			isa = PBXBuildFile;
			fileRef = 84A00D34F4CC2C491611F178;
		};
		1CBFF9B47F35CCCE19D5957A = {
			isa = PBXBuildFile;
			fileRef = DCC6E6E53D23DC05790B1E5B;
		};
		069402AC300EA5DFB44F9511 = {
			isa = PBXBuildFile;
			fileRef = D3F052FAA872F3178C8302B3;
		};
		BBBF82E18FE8FEAC5C206B7F = {
			isa = PBXBuildFile;
			fileRef = 8B4F4B0C668A3F7555B1D8CB;
		};
		14EC89FF04DFD6C58AE31836 = {
			isa = PBXBuildFile;
			fileRef = 2F334F8FDB712443F8810DD0;
		};
		D67FFAEC4CF37418377362F5 = {
			isa = PBXBuildFile;
			fileRef = 9CBCF7E13C1917DE14434C14;
		};
		B2DCF6B24E596543F9139A4E = {
			isa = PBXBuildFile;
			fileRef = E40616DC0D3F2CBF4BCC497C;
		};
		725A78BE87B3290ACD8A8F97 = {
			isa = PBXBuildFile;
			fileRef = 6F7E246D03FD00D86ADF9BC5;
		};
		069B95137E6E9B29489DF8F8 = {
			isa = PBXFileReference;
			lastKnownFileType = file;
			name = "juce_audio_devices";
			path = "~/JUCE/modules/juce_audio_devices";
			sourceTree = "<absolute>";
		};
		092ED8DE0C671687442C53E5 = {
			isa = PBXFileReference;
			lastKnownFileType = text.plist.xml;
			name = "Info-App.plist";
			path = "Info-App.plist";
			sourceTree = "SOURCE_ROOT";
		};
		11730983E1557481A5BE5E2A = {
			isa = PBXFileReference;
			lastKnownFileType = sourcecode.cpp.objcpp;
			name = "include_juce_audio_devices.mm";
			path = "../../JuceLibraryCode/include_juce_audio_devices.mm";
			sourceTree = "SOURCE_ROOT";
		};
		11E2D107DF4874FCD967A0F5 = {
			isa = PBXFileReference;
			lastKnownFileType = sourcecode.cpp.cpp;
			name = MainComponent.cpp;
			path = ../../Source/MainComponent.cpp;
			sourceTree = "SOURCE_ROOT";
		};
		15299ED458C28BDDA6961D3E = {
			isa = PBXFileReference;
			lastKnownFileType = sourcecode.c.h;
			name = JuceHeader.h;
			path = ../../JuceLibraryCode/JuceHeader.h;
			sourceTree = "SOURCE_ROOT";
		};
		21D5CEB3559B208D872CE7B1 = {
			isa = PBXFileReference;
			lastKnownFileType = wrapper.framework;
			name = DiscRecording.framework;
			path = System/Library/Frameworks/DiscRecording.framework;
			sourceTree = SDKROOT;
		};
		24A6B2A5244B199A53431DC9 = {
			isa = PBXFileReference;
			lastKnownFileType = file;
			name = "juce_opengl";
			path = "~/JUCE/modules/juce_opengl";
			sourceTree = "<absolute>";
		};
		2784AD28F0F9EAD36A2481F1 = {
			isa = PBXFileReference;
			lastKnownFileType = file;
			name = "juce_audio_formats";
			path = "~/JUCE/modules/juce_audio_formats";
			sourceTree = "<absolute>";
		};
		2950F87BF788768AE66B35F4 = {
			isa = PBXFileReference;
			lastKnownFileType = wrapper.framework;
			name = WebKit.framework;
			path = System/Library/Frameworks/WebKit.framework;
			sourceTree = SDKROOT;
		};
		2A2EF02DD15FE20AA2AEADDB = {
			isa = PBXFileReference;
			lastKnownFileType = file.nib;
			name = RecentFilesMenuTemplate.nib;
			path = RecentFilesMenuTemplate.nib;
			sourceTree = "SOURCE_ROOT";
		};
		2D13497C1833AA0848484052 = {
			isa = PBXFileReference;
			lastKnownFileType = file;
			name = "juce_audio_utils";
			path = "~/JUCE/modules/juce_audio_utils";
			sourceTree = "<absolute>";
		};
		2F334F8FDB712443F8810DD0 = {
			isa = PBXFileReference;
			lastKnownFileType = sourcecode.cpp.objcpp;
			name = "include_juce_graphics.mm";
			path = "../../JuceLibraryCode/include_juce_graphics.mm";
			sourceTree = "SOURCE_ROOT";
		};
		33FE36C65634436C80FA4269 = {
			isa = PBXFileReference;
			lastKnownFileType = sourcecode.cpp.objcpp;
			name = "include_juce_audio_utils.mm";
			path = "../../JuceLibraryCode/include_juce_audio_utils.mm";
			sourceTree = "SOURCE_ROOT";
		};
		362602CF51BD284AFC865D7C = {
			isa = PBXFileReference;
			lastKnownFileType = wrapper.framework;
			name = CoreAudio.framework;
			path = System/Library/Frameworks/CoreAudio.framework;
			sourceTree = SDKROOT;
		};
		5202B19D3D543E314821D2B5 = {
			isa = PBXFileReference;
			explicitFileType = wrapper.application;
			includeInIndex = 0;
			path = NewProject.app;
			sourceTree = "BUILT_PRODUCTS_DIR";
		};
		569ABA050B73BCFCF48BBD76 = {
			isa = PBXFileReference;
			lastKnownFileType = file;
			name = "juce_events";
			path = "~/JUCE/modules/juce_events";
			sourceTree = "<absolute>";
		};
		60826AB4DFBA75154F7B7C41 = {
			isa = PBXFileReference;
			lastKnownFileType = text.plist.xml;
			name = NewProject.entitlements;
			path = NewProject.entitlements;
			sourceTree = "SOURCE_ROOT";
		};
		636B86137A47E0721EB8BF6B = {
			isa = PBXFileReference;
			lastKnownFileType = wrapper.framework;
			name = OpenGL.framework;
			path = System/Library/Frameworks/OpenGL.framework;
			sourceTree = SDKROOT;
		};
		67FB50D321216799EFAC5487 = {
			isa = PBXFileReference;
			lastKnownFileType = wrapper.framework;
			name = AudioToolbox.framework;
			path = System/Library/Frameworks/AudioToolbox.framework;
			sourceTree = SDKROOT;
		};
		6F7E246D03FD00D86ADF9BC5 = {
			isa = PBXFileReference;
			lastKnownFileType = sourcecode.cpp.objcpp;
			name = "include_juce_opengl.mm";
			path = "../../JuceLibraryCode/include_juce_opengl.mm";
			sourceTree = "SOURCE_ROOT";
		};
		70AC9A57D5436D28ED406E88 = {
			isa = PBXFileReference;
			lastKnownFileType = wrapper.framework;
			name = CoreMIDI.framework;
			path = System/Library/Frameworks/CoreMIDI.framework;
			sourceTree = SDKROOT;
		};
		7BEA78E3EC8EC081D8EAA89E = {
			isa = PBXFileReference;
			lastKnownFileType = wrapper.framework;
			name = Cocoa.framework;
			path = System/Library/Frameworks/Cocoa.framework;
			sourceTree = SDKROOT;
		};
		84A00D34F4CC2C491611F178 = {
			isa = PBXFileReference;
			lastKnownFileType = sourcecode.cpp.objcpp;
			name = "include_juce_core.mm";
			path = "../../JuceLibraryCode/include_juce_core.mm";
			sourceTree = "SOURCE_ROOT";
		};
		8B4F4B0C668A3F7555B1D8CB = {
			isa = PBXFileReference;
			lastKnownFileType = sourcecode.cpp.objcpp;
			name = "include_juce_events.mm";
			path = "../../JuceLibraryCode/include_juce_events.mm";
			sourceTree = "SOURCE_ROOT";
		};
		903926F2FE7FB3CE2A360CA3 = {
			isa = PBXFileReference;
			lastKnownFileType = sourcecode.cpp.objcpp;
			name = "include_juce_audio_formats.mm";
			path = "../../JuceLibraryCode/include_juce_audio_formats.mm";
			sourceTree = "SOURCE_ROOT";
		};
		90DF57482418976735582E89 = {
			isa = PBXFileReference;
			lastKnownFileType = wrapper.framework;
			name = Carbon.framework;
			path = System/Library/Frameworks/Carbon.framework;
			sourceTree = SDKROOT;
		};
		97D0A8B00BD2A73B529D72AE = {
			isa = PBXFileReference;
			lastKnownFileType = file;
			name = "juce_data_structures";
			path = "~/JUCE/modules/juce_data_structures";
			sourceTree = "<absolute>";
		};
		9CBCF7E13C1917DE14434C14 = {
			isa = PBXFileReference;
			lastKnownFileType = sourcecode.cpp.objcpp;
			name = "include_juce_gui_basics.mm";
			path = "../../JuceLibraryCode/include_juce_gui_basics.mm";
			sourceTree = "SOURCE_ROOT";
		};
		9E37157248589A526E76E72F = {
			isa = PBXFileReference;
			lastKnownFileType = file;
			name = "juce_graphics";
			path = "~/JUCE/modules/juce_graphics";
			sourceTree = "<absolute>";
		};
		A35916BDEABD9C8A0E6AF355 = {
			isa = PBXFileReference;
			lastKnownFileType = file;
			name = "juce_gui_basics";
			path = "~/JUCE/modules/juce_gui_basics";
			sourceTree = "<absolute>";
		};
		A926723BE56C5283F840C190 = {
			isa = PBXFileReference;
			lastKnownFileType = wrapper.framework;
			name = CoreAudioKit.framework;
			path = System/Library/Frameworks/CoreAudioKit.framework;
			sourceTree = SDKROOT;
		};
		AA3F7896A231F3697440A598 = {
			isa = PBXFileReference;
			lastKnownFileType = file;
			name = "juce_cryptography";
			path = "~/JUCE/modules/juce_cryptography";
			sourceTree = "<absolute>";
		};
		B1A2C5CAAC19BEF048C58A11 = {
			isa = PBXFileReference;
			lastKnownFileType = file;
			name = "juce_audio_basics";
			path = "~/JUCE/modules/juce_audio_basics";
			sourceTree = "<absolute>";
		};
		B7186EE0D88437A59460EAD3 = {
			isa = PBXFileReference;
			lastKnownFileType = wrapper.framework;
			name = Accelerate.framework;
			path = System/Library/Frameworks/Accelerate.framework;
			sourceTree = SDKROOT;
		};
		B77D02596D99418862F995E0 = {
			isa = PBXFileReference;
			lastKnownFileType = file;
			name = "juce_gui_extra";
			path = "~/JUCE/modules/juce_gui_extra";
			sourceTree = "<absolute>";
		};
		B82A62C63E32C9A3A08B3D7C = {
			isa = PBXFileReference;
			lastKnownFileType = sourcecode.cpp.cpp;
			name = Main.cpp;
			path = ../../Source/Main.cpp;
			sourceTree = "SOURCE_ROOT";
		};
		CD6DBE033AC3F886AB62C211 = {
			isa = PBXFileReference;
			lastKnownFileType = sourcecode.c.h;
			name = AppConfig.h;
			path = ../../JuceLibraryCode/AppConfig.h;
			sourceTree = "SOURCE_ROOT";
		};
		D2FE25B9C39E5B02D3955A18 = {
			isa = PBXFileReference;
			lastKnownFileType = file;
			name = "juce_audio_processors";
			path = "~/JUCE/modules/juce_audio_processors";
			sourceTree = "<absolute>";
		};
		D3F052FAA872F3178C8302B3 = {
			isa = PBXFileReference;
			lastKnownFileType = sourcecode.cpp.objcpp;
			name = "include_juce_data_structures.mm";
			path = "../../JuceLibraryCode/include_juce_data_structures.mm";
			sourceTree = "SOURCE_ROOT";
		};
		D71172D9A5985DE5B047A436 = {
			isa = PBXFileReference;
			lastKnownFileType = sourcecode.cpp.objcpp;
			name = "include_juce_audio_basics.mm";
			path = "../../JuceLibraryCode/include_juce_audio_basics.mm";
			sourceTree = "SOURCE_ROOT";
		};
		D77AAF5D5F8488C8E1635327 = {
			isa = PBXFileReference;
			lastKnownFileType = sourcecode.cpp.objcpp;
			name = "include_juce_audio_processors.mm";
			path = "../../JuceLibraryCode/include_juce_audio_processors.mm";
			sourceTree = "SOURCE_ROOT";
		};
		DCC6E6E53D23DC05790B1E5B = {
			isa = PBXFileReference;
			lastKnownFileType = sourcecode.cpp.objcpp;
			name = "include_juce_cryptography.mm";
			path = "../../JuceLibraryCode/include_juce_cryptography.mm";
			sourceTree = "SOURCE_ROOT";
		};
		DD3AF8AD8EC01BAE78B60E08 = {
			isa = PBXFileReference;
			lastKnownFileType = file;
			name = "juce_core";
			path = "~/JUCE/modules/juce_core";
			sourceTree = "<absolute>";
		};
		E40616DC0D3F2CBF4BCC497C = {
			isa = PBXFileReference;
			lastKnownFileType = sourcecode.cpp.objcpp;
			name = "include_juce_gui_extra.mm";
			path = "../../JuceLibraryCode/include_juce_gui_extra.mm";
			sourceTree = "SOURCE_ROOT";
		};
		EDAACA9BFCC8EAD50431D179 = {
			isa = PBXFileReference;
			lastKnownFileType = wrapper.framework;
			name = IOKit.framework;
			path = System/Library/Frameworks/IOKit.framework;
			sourceTree = SDKROOT;
		};
		F2D8BEB85E597C72B47B4C12 = {
			isa = PBXFileReference;
			lastKnownFileType = sourcecode.c.h;
			name = MainComponent.h;
			path = ../../Source/MainComponent.h;
			sourceTree = "SOURCE_ROOT";
		};
		FBB3F944857FFF9D6F23D0B4 = {
			isa = PBXFileReference;
			lastKnownFileType = wrapper.framework;
			name = QuartzCore.framework;
			path = System/Library/Frameworks/QuartzCore.framework;
			sourceTree = SDKROOT;
		};
		8B11BDBBE06C833C6E5B2B68 = {
			isa = PBXGroup;
			children = (
				F2D8BEB85E597C72B47B4C12,
				11E2D107DF4874FCD967A0F5,
				B82A62C63E32C9A3A08B3D7C,
			);
			name = Source;
			sourceTree = "<group>";
		};
		511AACB864CA435775B6D605 = {
			isa = PBXGroup;
			children = (
				8B11BDBBE06C833C6E5B2B68,
			);
			name = NewProject;
			sourceTree = "<group>";
		};
		ABDE21829AD0229282DED879 = {
			isa = PBXGroup;
			children = (
				B1A2C5CAAC19BEF048C58A11,
				069B95137E6E9B29489DF8F8,
				2784AD28F0F9EAD36A2481F1,
				D2FE25B9C39E5B02D3955A18,
				2D13497C1833AA0848484052,
				DD3AF8AD8EC01BAE78B60E08,
				AA3F7896A231F3697440A598,
				97D0A8B00BD2A73B529D72AE,
				569ABA050B73BCFCF48BBD76,
				9E37157248589A526E76E72F,
				A35916BDEABD9C8A0E6AF355,
				B77D02596D99418862F995E0,
				24A6B2A5244B199A53431DC9,
			);
			name = "JUCE Modules";
			sourceTree = "<group>";
		};
		471CFB196D1231ACA41363BA = {
			isa = PBXGroup;
			children = (
				CD6DBE033AC3F886AB62C211,
				D71172D9A5985DE5B047A436,
				11730983E1557481A5BE5E2A,
				903926F2FE7FB3CE2A360CA3,
				D77AAF5D5F8488C8E1635327,
				33FE36C65634436C80FA4269,
				84A00D34F4CC2C491611F178,
				DCC6E6E53D23DC05790B1E5B,
				D3F052FAA872F3178C8302B3,
				8B4F4B0C668A3F7555B1D8CB,
				2F334F8FDB712443F8810DD0,
				9CBCF7E13C1917DE14434C14,
				E40616DC0D3F2CBF4BCC497C,
				6F7E246D03FD00D86ADF9BC5,
				15299ED458C28BDDA6961D3E,
			);
			name = "JUCE Library Code";
			sourceTree = "<group>";
		};
		1BA8D2E2D4C945916D9005F0 = {
			isa = PBXGroup;
			children = (
				092ED8DE0C671687442C53E5,
				2A2EF02DD15FE20AA2AEADDB,
			);
			name = Resources;
			sourceTree = "<group>";
		};
		EED51D70973A1F3E402A4A8E = {
			isa = PBXGroup;
			children = (
				B7186EE0D88437A59460EAD3,
				67FB50D321216799EFAC5487,
				90DF57482418976735582E89,
				7BEA78E3EC8EC081D8EAA89E,
				362602CF51BD284AFC865D7C,
				A926723BE56C5283F840C190,
				70AC9A57D5436D28ED406E88,
				21D5CEB3559B208D872CE7B1,
				EDAACA9BFCC8EAD50431D179,
				636B86137A47E0721EB8BF6B,
				FBB3F944857FFF9D6F23D0B4,
				2950F87BF788768AE66B35F4,
			);
			name = Frameworks;
			sourceTree = "<group>";
		};
		62B50FBD998BDB590614EAEB = {
			isa = PBXGroup;
			children = (
				5202B19D3D543E314821D2B5,
			);
			name = Products;
			sourceTree = "<group>";
		};
		5E4176B1509B2FD0CB0E47A3 = {
			isa = PBXGroup;
			children = (
				511AACB864CA435775B6D605,
				ABDE21829AD0229282DED879,
				471CFB196D1231ACA41363BA,
				1BA8D2E2D4C945916D9005F0,
				EED51D70973A1F3E402A4A8E,
				62B50FBD998BDB590614EAEB,
			);
			name = Source;
			sourceTree = "<group>";
		};
		07B1CD60AE866CC2CA1958BB = {
			isa = XCBuildConfiguration;
			buildSettings = {
				CLANG_CXX_LANGUAGE_STANDARD = "c++14";
				CLANG_CXX_LIBRARY = "libc++";
				CLANG_LINK_OBJC_RUNTIME = NO;
				CODE_SIGN_IDENTITY = "";
				COMBINE_HIDPI_IMAGES = YES;
				CONFIGURATION_BUILD_DIR = "$(PROJECT_DIR)/build/$(CONFIGURATION)";
				COPY_PHASE_STRIP = NO;
				GCC_DYNAMIC_NO_PIC = NO;
				GCC_OPTIMIZATION_LEVEL = 0;
				GCC_PREPROCESSOR_DEFINITIONS = (
					"_DEBUG=1",
					"DEBUG=1",
					"JUCER_XCODE_MAC_F6D2F4CF=1",
					"JUCE_APP_VERSION=1.0.0",
					"JUCE_APP_VERSION_HEX=0x10000",
					"JucePlugin_Build_VST=0",
					"JucePlugin_Build_VST3=0",
					"JucePlugin_Build_AU=0",
					"JucePlugin_Build_AUv3=0",
					"JucePlugin_Build_RTAS=0",
					"JucePlugin_Build_AAX=0",
					"JucePlugin_Build_Standalone=0",
					"JucePlugin_Build_Unity=0",
				);
				GCC_VERSION = com.apple.compilers.llvm.clang.1_0;
				HEADER_SEARCH_PATHS = (
					"../../JuceLibraryCode",
					"$(HOME)/JUCE/modules",
					"$(inherited)",
				);
				INFOPLIST_FILE = Info-App.plist;
				INFOPLIST_PREPROCESS = NO;
				INSTALL_PATH = "$(HOME)/Applications";
				MACOSX_DEPLOYMENT_TARGET = 10.11;
				PRODUCT_BUNDLE_IDENTIFIER = com.yourcompany.NewProject;
				PRODUCT_NAME = "NewProject";
				USE_HEADERMAP = NO;
			};
			name = Debug;
		};
		A9BC8E0EECBBF52730B8B8D5 = {
			isa = XCBuildConfiguration;
			buildSettings = {
				CLANG_CXX_LANGUAGE_STANDARD = "c++14";
				CLANG_CXX_LIBRARY = "libc++";
				CLANG_LINK_OBJC_RUNTIME = NO;
				CODE_SIGN_IDENTITY = "";
				COMBINE_HIDPI_IMAGES = YES;
				CONFIGURATION_BUILD_DIR = "$(PROJECT_DIR)/build/$(CONFIGURATION)";
				DEAD_CODE_STRIPPING = YES;
				GCC_GENERATE_DEBUGGING_SYMBOLS = NO;
				GCC_OPTIMIZATION_LEVEL = 3;
				GCC_PREPROCESSOR_DEFINITIONS = (
					"_NDEBUG=1",
					"NDEBUG=1",
					"JUCER_XCODE_MAC_F6D2F4CF=1",
					"JUCE_APP_VERSION=1.0.0",
					"JUCE_APP_VERSION_HEX=0x10000",
					"JucePlugin_Build_VST=0",
					"JucePlugin_Build_VST3=0",
					"JucePlugin_Build_AU=0",
					"JucePlugin_Build_AUv3=0",
					"JucePlugin_Build_RTAS=0",
					"JucePlugin_Build_AAX=0",
					"JucePlugin_Build_Standalone=0",
					"JucePlugin_Build_Unity=0",
				);
				GCC_SYMBOLS_PRIVATE_EXTERN = YES;
				GCC_VERSION = com.apple.compilers.llvm.clang.1_0;
				HEADER_SEARCH_PATHS = (
					"../../JuceLibraryCode",
					"$(HOME)/JUCE/modules",
					"$(inherited)",
				);
				INFOPLIST_FILE = Info-App.plist;
				INFOPLIST_PREPROCESS = NO;
				INSTALL_PATH = "$(HOME)/Applications";
				LLVM_LTO = YES;
				MACOSX_DEPLOYMENT_TARGET = 10.11;
				PRODUCT_BUNDLE_IDENTIFIER = com.yourcompany.NewProject;
				PRODUCT_NAME = "NewProject";
				USE_HEADERMAP = NO;
			};
			name = Release;
		};
		B8A378926101AF854667EDE8 = {
			isa = XCBuildConfiguration;
			buildSettings = {
				ALWAYS_SEARCH_USER_PATHS = NO;
				CLANG_ENABLE_OBJC_WEAK = YES;
				CLANG_WARN_BLOCK_CAPTURE_AUTORELEASING = YES;
				CLANG_WARN_BOOL_CONVERSION = YES;
				CLANG_WARN_COMMA = YES;
				CLANG_WARN_CONSTANT_CONVERSION = YES;
				CLANG_WARN_DEPRECATED_OBJC_IMPLEMENTATIONS = YES;
				CLANG_WARN_EMPTY_BODY = YES;
				CLANG_WARN_ENUM_CONVERSION = YES;
				CLANG_WARN_INFINITE_RECURSION = YES;
				CLANG_WARN_INT_CONVERSION = YES;
				CLANG_WARN_NON_LITERAL_NULL_CONVERSION = YES;
				CLANG_WARN_OBJC_IMPLICIT_RETAIN_SELF = YES;
				CLANG_WARN_OBJC_LITERAL_CONVERSION = YES;
				CLANG_WARN_RANGE_LOOP_ANALYSIS = YES;
				CLANG_WARN_STRICT_PROTOTYPES = YES;
				CLANG_WARN_SUSPICIOUS_MOVE = YES;
				CLANG_WARN_UNREACHABLE_CODE = YES;
				CLANG_WARN__DUPLICATE_METHOD_MATCH = YES;
				CODE_SIGN_IDENTITY = "";
				DEBUG_INFORMATION_FORMAT = dwarf;
				ENABLE_STRICT_OBJC_MSGSEND = YES;
				ENABLE_TESTABILITY = YES;
				GCC_C_LANGUAGE_STANDARD = c11;
				GCC_INLINES_ARE_PRIVATE_EXTERN = YES;
				GCC_MODEL_TUNING = G5;
				GCC_NO_COMMON_BLOCKS = YES;
				GCC_WARN_64_TO_32_BIT_CONVERSION = YES;
				GCC_WARN_ABOUT_RETURN_TYPE = YES;
				GCC_WARN_CHECK_SWITCH_STATEMENTS = YES;
				GCC_WARN_MISSING_PARENTHESES = YES;
				GCC_WARN_NON_VIRTUAL_DESTRUCTOR = YES;
				GCC_WARN_TYPECHECK_CALLS_TO_PRINTF = YES;
				GCC_WARN_UNDECLARED_SELECTOR = YES;
				GCC_WARN_UNINITIALIZED_AUTOS = YES;
				GCC_WARN_UNUSED_FUNCTION = YES;
				GCC_WARN_UNUSED_VARIABLE = YES;
				ONLY_ACTIVE_ARCH = YES;
				PRODUCT_NAME = "NewProject";
				WARNING_CFLAGS = "-Wreorder";
				ZERO_LINK = NO;
			};
			name = Debug;
		};
		5B4E57EF41063C089BB5F690 = {
			isa = XCBuildConfiguration;
			buildSettings = {
				ALWAYS_SEARCH_USER_PATHS = NO;
				CLANG_ENABLE_OBJC_WEAK = YES;
				CLANG_WARN_BLOCK_CAPTURE_AUTORELEASING = YES;
				CLANG_WARN_BOOL_CONVERSION = YES;
				CLANG_WARN_COMMA = YES;
				CLANG_WARN_CONSTANT_CONVERSION = YES;
				CLANG_WARN_DEPRECATED_OBJC_IMPLEMENTATIONS = YES;
				CLANG_WARN_EMPTY_BODY = YES;
				CLANG_WARN_ENUM_CONVERSION = YES;
				CLANG_WARN_INFINITE_RECURSION = YES;
				CLANG_WARN_INT_CONVERSION = YES;
				CLANG_WARN_NON_LITERAL_NULL_CONVERSION = YES;
				CLANG_WARN_OBJC_IMPLICIT_RETAIN_SELF = YES;
				CLANG_WARN_OBJC_LITERAL_CONVERSION = YES;
				CLANG_WARN_RANGE_LOOP_ANALYSIS = YES;
				CLANG_WARN_STRICT_PROTOTYPES = YES;
				CLANG_WARN_SUSPICIOUS_MOVE = YES;
				CLANG_WARN_UNREACHABLE_CODE = YES;
				CLANG_WARN__DUPLICATE_METHOD_MATCH = YES;
				CODE_SIGN_IDENTITY = "";
				DEBUG_INFORMATION_FORMAT = dwarf;
				ENABLE_STRICT_OBJC_MSGSEND = YES;
				GCC_C_LANGUAGE_STANDARD = c11;
				GCC_INLINES_ARE_PRIVATE_EXTERN = YES;
				GCC_MODEL_TUNING = G5;
				GCC_NO_COMMON_BLOCKS = YES;
				GCC_WARN_64_TO_32_BIT_CONVERSION = YES;
				GCC_WARN_ABOUT_RETURN_TYPE = YES;
				GCC_WARN_CHECK_SWITCH_STATEMENTS = YES;
				GCC_WARN_MISSING_PARENTHESES = YES;
				GCC_WARN_NON_VIRTUAL_DESTRUCTOR = YES;
				GCC_WARN_TYPECHECK_CALLS_TO_PRINTF = YES;
				GCC_WARN_UNDECLARED_SELECTOR = YES;
				GCC_WARN_UNINITIALIZED_AUTOS = YES;
				GCC_WARN_UNUSED_FUNCTION = YES;
				GCC_WARN_UNUSED_VARIABLE = YES;
				PRODUCT_NAME = "NewProject";
				WARNING_CFLAGS = "-Wreorder";
				ZERO_LINK = NO;
			};
			name = Release;
		};
		7E5A51B67FDEC900703BFB61 = {
			isa = PBXTargetDependency;
			target = F7C40E5A436CFA7DC27EF420;
		};
		731CAB0280E38A31D184D771 = {
			isa = XCConfigurationList;
			buildConfigurations = (
				B8A378926101AF854667EDE8,
				5B4E57EF41063C089BB5F690,
			);
			defaultConfigurationIsVisible = 0;
			defaultConfigurationName = Debug;
		};
		7A63EDC324381CEEF7A6DF64 = {
			isa = XCConfigurationList;
			buildConfigurations = (
				07B1CD60AE866CC2CA1958BB,
				A9BC8E0EECBBF52730B8B8D5,
			);
			defaultConfigurationIsVisible = 0;
			defaultConfigurationName = Debug;
		};
		76DCF76A901D6BB33C6A5E8D = {
			isa = PBXResourcesBuildPhase;
			buildActionMask = 2147483647;
			files = (
				B7E7E32EF3AD66FE48A29D1D,
			);
			runOnlyForDeploymentPostprocessing = 0;
		};
		F83566D482CA6B4B3CEBDE10 = {
			isa = PBXSourcesBuildPhase;
			buildActionMask = 2147483647;
			files = (
				7F310206E6DA0E51C7DDDBA4,
				2638A3E9BCC511EB83051294,
				880A48386B1FCB28A634AC5B,
				8C48D0A8BB66A0681961E4E4,
				D3AC76DD425475645FDDEE53,
				A9C9D1CF919A88A1F9A5C0BF,
				3904F50650B24EA702060370,
				5FA2BC360570E4E672445424,
				1CBFF9B47F35CCCE19D5957A,
				069402AC300EA5DFB44F9511,
				BBBF82E18FE8FEAC5C206B7F,
				14EC89FF04DFD6C58AE31836,
				D67FFAEC4CF37418377362F5,
				B2DCF6B24E596543F9139A4E,
				725A78BE87B3290ACD8A8F97,
			);
			runOnlyForDeploymentPostprocessing = 0;
		};
		295D98E0FFC80280CE3E9A3C = {
			isa = PBXFrameworksBuildPhase;
			buildActionMask = 2147483647;
			files = (
				2B45B4C35958883A36F75842,
				CE0D59896E782B58864DB50F,
				70E7327A68DF8BD5790DE24A,
				CD8D12F0603AB4D95F8F40FC,
				1C4605982D95562B3324DF5A,
				950AE65D88C9B239C7167EA0,
				33DF184596979FFEB6AC3924,
				EAB9546F35601E51BD5BB493,
				399DE1EEF921470A8AAC7133,
				1B046FEF7554DFB83C418C8B,
				8D39294BF8219E4DCE2AE875,
				E17A46CDDBD0E434117729CA,
			);
			runOnlyForDeploymentPostprocessing = 0;
		};
		F7C40E5A436CFA7DC27EF420 = {
			isa = PBXNativeTarget;
			buildConfigurationList = 7A63EDC324381CEEF7A6DF64;
			buildPhases = (
				76DCF76A901D6BB33C6A5E8D,
				F83566D482CA6B4B3CEBDE10,
				295D98E0FFC80280CE3E9A3C,
			);
			buildRules = ( );
			dependencies = ( );
			name = "NewProject - App";
			productName = NewProject;
			productReference = 5202B19D3D543E314821D2B5;
			productType = "com.apple.product-type.application";
		};
		BF31EB54320A47C15DACB916 = {
			isa = PBXProject;
			buildConfigurationList = 731CAB0280E38A31D184D771;
			attributes = { LastUpgradeCheck = 1100; ORGANIZATIONNAME = ""; TargetAttributes = { F7C40E5A436CFA7DC27EF420 = { SystemCapabilities = {com.apple.ApplicationGroups.iOS = { enabled = 0; }; com.apple.InAppPurchase = { enabled = 0; }; com.apple.InterAppAudio = { enabled = 0; }; com.apple.Push = { enabled = 0; }; com.apple.Sandbox = { enabled = 0; }; com.apple.HardenedRuntime = { enabled = 0; }; }; }; }; };
			compatibilityVersion = "Xcode 3.2";
			hasScannedForEncodings = 0;
			mainGroup = 5E4176B1509B2FD0CB0E47A3;
			projectDirPath = "";
			projectRoot = "";
			targets = (F7C40E5A436CFA7DC27EF420);
			knownRegions = (en, Base);
		};
	};
	rootObject = BF31EB54320A47C15DACB916;
}
